// !$*UTF8*$!
{
	archiveVersion = 1;
	classes = {
	};
	objectVersion = 56;
	objects = {

/* Begin PBXBuildFile section */
		A1000001 /* HapticNavigationMapsApp.swift in Sources */ = {isa = PBXBuildFile; fileRef = A1000002 /* HapticNavigationMapsApp.swift */; };
		A1000003 /* ContentView.swift in Sources */ = {isa = PBXBuildFile; fileRef = A1000004 /* ContentView.swift */; };
		A1000005 /* LocationServiceProtocol.swift in Sources */ = {isa = PBXBuildFile; fileRef = A1000006 /* LocationServiceProtocol.swift */; };
		A1000007 /* LocationService.swift in Sources */ = {isa = PBXBuildFile; fileRef = A1000008 /* LocationService.swift */; };
		A1000009 /* NavigationState.swift in Sources */ = {isa = PBXBuildFile; fileRef = A1000010 /* NavigationState.swift */; };
		A1000011 /* RouteStep.swift in Sources */ = {isa = PBXBuildFile; fileRef = A1000012 /* RouteStep.swift */; };
		A1000013 /* HapticPattern.swift in Sources */ = {isa = PBXBuildFile; fileRef = A1000014 /* HapticPattern.swift */; };
		A1000015 /* SearchResult.swift in Sources */ = {isa = PBXBuildFile; fileRef = A1000016 /* SearchResult.swift */; };
		A1000017 /* LocationServiceTests.swift in Sources */ = {isa = PBXBuildFile; fileRef = A1000018 /* LocationServiceTests.swift */; };
		A1000051 /* MapView.swift in Sources */ = {isa = PBXBuildFile; fileRef = A1000052 /* MapView.swift */; };
		A1000053 /* MapViewUITests.swift in Sources */ = {isa = PBXBuildFile; fileRef = A1000054 /* MapViewUITests.swift */; };
		A1000055 /* SearchServiceProtocol.swift in Sources */ = {isa = PBXBuildFile; fileRef = A1000056 /* SearchServiceProtocol.swift */; };
		A1000057 /* SearchService.swift in Sources */ = {isa = PBXBuildFile; fileRef = A1000058 /* SearchService.swift */; };
		A1000059 /* SearchServiceTests.swift in Sources */ = {isa = PBXBuildFile; fileRef = A1000060 /* SearchServiceTests.swift */; };
		A1000061 /* SearchBar.swift in Sources */ = {isa = PBXBuildFile; fileRef = A1000062 /* SearchBar.swift */; };
		A1000063 /* SearchResultRow.swift in Sources */ = {isa = PBXBuildFile; fileRef = A1000064 /* SearchResultRow.swift */; };
		A1000065 /* SearchViewModel.swift in Sources */ = {isa = PBXBuildFile; fileRef = A1000066 /* SearchViewModel.swift */; };
		A1000067 /* SearchResultsView.swift in Sources */ = {isa = PBXBuildFile; fileRef = A1000068 /* SearchResultsView.swift */; };
		A1000069 /* NavigationEngineProtocol.swift in Sources */ = {isa = PBXBuildFile; fileRef = A1000070 /* NavigationEngineProtocol.swift */; };
		A1000071 /* NavigationEngine.swift in Sources */ = {isa = PBXBuildFile; fileRef = A1000072 /* NavigationEngine.swift */; };
		A1000073 /* NavigationEngineTests.swift in Sources */ = {isa = PBXBuildFile; fileRef = A1000074 /* NavigationEngineTests.swift */; };
		A1000075 /* RouteInfoPanel.swift in Sources */ = {isa = PBXBuildFile; fileRef = A1000076 /* RouteInfoPanel.swift */; };
		A1000077 /* RouteSelectionPanel.swift in Sources */ = {isa = PBXBuildFile; fileRef = A1000078 /* RouteSelectionPanel.swift */; };
		A1000079 /* RouteDisplayIntegrationTests.swift in Sources */ = {isa = PBXBuildFile; fileRef = A1000080 /* RouteDisplayIntegrationTests.swift */; };
		A1000081 /* NavigationCard.swift in Sources */ = {isa = PBXBuildFile; fileRef = A1000082 /* NavigationCard.swift */; };
		A1000083 /* NavigationViewModel.swift in Sources */ = {isa = PBXBuildFile; fileRef = A1000084 /* NavigationViewModel.swift */; };
		A1000085 /* NavigationInterfaceUITests.swift in Sources */ = {isa = PBXBuildFile; fileRef = A1000086 /* NavigationInterfaceUITests.swift */; };
		A1000087 /* HapticModeToggle.swift in Sources */ = {isa = PBXBuildFile; fileRef = A1000088 /* HapticModeToggle.swift */; };
		A1000089 /* HapticNavigationView.swift in Sources */ = {isa = PBXBuildFile; fileRef = A1000090 /* HapticNavigationView.swift */; };
		A1000091 /* UserPreferences.swift in Sources */ = {isa = PBXBuildFile; fileRef = A1000092 /* UserPreferences.swift */; };
		A1000093 /* NavigationModeSettingsView.swift in Sources */ = {isa = PBXBuildFile; fileRef = A1000094 /* NavigationModeSettingsView.swift */; };
		A1000095 /* HapticNavigationService.swift in Sources */ = {isa = PBXBuildFile; fileRef = A1000096 /* HapticNavigationService.swift */; };
		A1000097 /* HapticNavigationServiceProtocol.swift in Sources */ = {isa = PBXBuildFile; fileRef = A1000098 /* HapticNavigationServiceProtocol.swift */; };
		A1000099 /* NavigationModeUITests.swift in Sources */ = {isa = PBXBuildFile; fileRef = A1000100 /* NavigationModeUITests.swift */; };
		A1000101 /* HapticNavigationServiceTests.swift in Sources */ = {isa = PBXBuildFile; fileRef = A1000102 /* HapticNavigationServiceTests.swift */; };
		A1000103 /* HapticNavigationIntegrationTests.swift in Sources */ = {isa = PBXBuildFile; fileRef = A1000104 /* HapticNavigationIntegrationTests.swift */; };
		A1000121 /* DesignTokens.swift in Sources */ = {isa = PBXBuildFile; fileRef = A1000120 /* DesignTokens.swift */; };
		A1000123 /* MapButton.swift in Sources */ = {isa = PBXBuildFile; fileRef = A1000122 /* MapButton.swift */; };
		A1000125 /* BackgroundNavigationIntegrationTests.swift in Sources */ = {isa = PBXBuildFile; fileRef = A1000126 /* BackgroundNavigationIntegrationTests.swift */; };
		A1000127 /* DesignSystemComponentTests.swift in Sources */ = {isa = PBXBuildFile; fileRef = A1000128 /* DesignSystemComponentTests.swift */; };
		A1000129 /* DependencyContainer.swift in Sources */ = {isa = PBXBuildFile; fileRef = A1000130 /* DependencyContainer.swift */; };
		A1000131 /* AppCoordinator.swift in Sources */ = {isa = PBXBuildFile; fileRef = A1000132 /* AppCoordinator.swift */; };
		A1000133 /* AppIntegrationTests.swift in Sources */ = {isa = PBXBuildFile; fileRef = A1000134 /* AppIntegrationTests.swift */; };
		A1000135 /* HapticMapsLogo.png in Resources */ = {isa = PBXBuildFile; fileRef = A1000136 /* HapticMapsLogo.png */; };
		A1000137 /* BackgroundTaskManager.swift in Sources */ = {isa = PBXBuildFile; fileRef = A1000138 /* BackgroundTaskManager.swift */; };
		A1000139 /* PerformanceMonitor.swift in Sources */ = {isa = PBXBuildFile; fileRef = A1000140 /* PerformanceMonitor.swift */; };
/* End PBXBuildFile section */

/* Begin PBXContainerItemProxy section */
		A1000019 /* PBXContainerItemProxy */ = {
			isa = PBXContainerItemProxy;
			containerPortal = A1000020 /* Project object */;
			proxyType = 1;
			remoteGlobalIDString = A1000021;
			remoteInfo = HapticNavigationMaps;
		};
/* End PBXContainerItemProxy section */

/* Begin PBXFileReference section */
		A1000002 /* HapticNavigationMapsApp.swift */ = {isa = PBXFileReference; lastKnownFileType = sourcecode.swift; path = HapticNavigationMapsApp.swift; sourceTree = "<group>"; };
		A1000004 /* ContentView.swift */ = {isa = PBXFileReference; lastKnownFileType = sourcecode.swift; path = ContentView.swift; sourceTree = "<group>"; };
		A1000006 /* LocationServiceProtocol.swift */ = {isa = PBXFileReference; lastKnownFileType = sourcecode.swift; path = LocationServiceProtocol.swift; sourceTree = "<group>"; };
		A1000008 /* LocationService.swift */ = {isa = PBXFileReference; lastKnownFileType = sourcecode.swift; path = LocationService.swift; sourceTree = "<group>"; };
		A1000010 /* NavigationState.swift */ = {isa = PBXFileReference; lastKnownFileType = sourcecode.swift; path = NavigationState.swift; sourceTree = "<group>"; };
		A1000012 /* RouteStep.swift */ = {isa = PBXFileReference; lastKnownFileType = sourcecode.swift; path = RouteStep.swift; sourceTree = "<group>"; };
		A1000014 /* HapticPattern.swift */ = {isa = PBXFileReference; lastKnownFileType = sourcecode.swift; path = HapticPattern.swift; sourceTree = "<group>"; };
		A1000016 /* SearchResult.swift */ = {isa = PBXFileReference; lastKnownFileType = sourcecode.swift; path = SearchResult.swift; sourceTree = "<group>"; };
		A1000018 /* LocationServiceTests.swift */ = {isa = PBXFileReference; lastKnownFileType = sourcecode.swift; path = LocationServiceTests.swift; sourceTree = "<group>"; };
		A1000022 /* HapticNavigationMaps.app */ = {isa = PBXFileReference; explicitFileType = wrapper.application; includeInIndex = 0; path = HapticNavigationMaps.app; sourceTree = BUILT_PRODUCTS_DIR; };
		A1000023 /* Info.plist */ = {isa = PBXFileReference; lastKnownFileType = text.plist.xml; path = Info.plist; sourceTree = "<group>"; };
		A1000024 /* HapticNavigationMapsTests.xctest */ = {isa = PBXFileReference; explicitFileType = wrapper.cfbundle; includeInIndex = 0; path = HapticNavigationMapsTests.xctest; sourceTree = BUILT_PRODUCTS_DIR; };
		A1000052 /* MapView.swift */ = {isa = PBXFileReference; lastKnownFileType = sourcecode.swift; path = MapView.swift; sourceTree = "<group>"; };
		A1000054 /* MapViewUITests.swift */ = {isa = PBXFileReference; lastKnownFileType = sourcecode.swift; path = MapViewUITests.swift; sourceTree = "<group>"; };
		A1000056 /* SearchServiceProtocol.swift */ = {isa = PBXFileReference; lastKnownFileType = sourcecode.swift; path = SearchServiceProtocol.swift; sourceTree = "<group>"; };
		A1000058 /* SearchService.swift */ = {isa = PBXFileReference; lastKnownFileType = sourcecode.swift; path = SearchService.swift; sourceTree = "<group>"; };
		A1000060 /* SearchServiceTests.swift */ = {isa = PBXFileReference; lastKnownFileType = sourcecode.swift; path = SearchServiceTests.swift; sourceTree = "<group>"; };
		A1000062 /* SearchBar.swift */ = {isa = PBXFileReference; lastKnownFileType = sourcecode.swift; path = SearchBar.swift; sourceTree = "<group>"; };
		A1000064 /* SearchResultRow.swift */ = {isa = PBXFileReference; lastKnownFileType = sourcecode.swift; path = SearchResultRow.swift; sourceTree = "<group>"; };
		A1000066 /* SearchViewModel.swift */ = {isa = PBXFileReference; lastKnownFileType = sourcecode.swift; path = SearchViewModel.swift; sourceTree = "<group>"; };
		A1000068 /* SearchResultsView.swift */ = {isa = PBXFileReference; lastKnownFileType = sourcecode.swift; path = SearchResultsView.swift; sourceTree = "<group>"; };
		A1000070 /* NavigationEngineProtocol.swift */ = {isa = PBXFileReference; lastKnownFileType = sourcecode.swift; path = NavigationEngineProtocol.swift; sourceTree = "<group>"; };
		A1000072 /* NavigationEngine.swift */ = {isa = PBXFileReference; lastKnownFileType = sourcecode.swift; path = NavigationEngine.swift; sourceTree = "<group>"; };
		A1000074 /* NavigationEngineTests.swift */ = {isa = PBXFileReference; lastKnownFileType = sourcecode.swift; path = NavigationEngineTests.swift; sourceTree = "<group>"; };
		A1000076 /* RouteInfoPanel.swift */ = {isa = PBXFileReference; lastKnownFileType = sourcecode.swift; path = RouteInfoPanel.swift; sourceTree = "<group>"; };
		A1000078 /* RouteSelectionPanel.swift */ = {isa = PBXFileReference; lastKnownFileType = sourcecode.swift; path = RouteSelectionPanel.swift; sourceTree = "<group>"; };
		A1000080 /* RouteDisplayIntegrationTests.swift */ = {isa = PBXFileReference; lastKnownFileType = sourcecode.swift; path = RouteDisplayIntegrationTests.swift; sourceTree = "<group>"; };
		A1000082 /* NavigationCard.swift */ = {isa = PBXFileReference; lastKnownFileType = sourcecode.swift; path = NavigationCard.swift; sourceTree = "<group>"; };
		A1000084 /* NavigationViewModel.swift */ = {isa = PBXFileReference; lastKnownFileType = sourcecode.swift; path = NavigationViewModel.swift; sourceTree = "<group>"; };
		A1000086 /* NavigationInterfaceUITests.swift */ = {isa = PBXFileReference; lastKnownFileType = sourcecode.swift; path = NavigationInterfaceUITests.swift; sourceTree = "<group>"; };
		A1000088 /* HapticModeToggle.swift */ = {isa = PBXFileReference; lastKnownFileType = sourcecode.swift; path = HapticModeToggle.swift; sourceTree = "<group>"; };
		A1000090 /* HapticNavigationView.swift */ = {isa = PBXFileReference; lastKnownFileType = sourcecode.swift; path = HapticNavigationView.swift; sourceTree = "<group>"; };
		A1000092 /* UserPreferences.swift */ = {isa = PBXFileReference; lastKnownFileType = sourcecode.swift; path = UserPreferences.swift; sourceTree = "<group>"; };
		A1000094 /* NavigationModeSettingsView.swift */ = {isa = PBXFileReference; lastKnownFileType = sourcecode.swift; path = NavigationModeSettingsView.swift; sourceTree = "<group>"; };
		A1000096 /* HapticNavigationService.swift */ = {isa = PBXFileReference; lastKnownFileType = sourcecode.swift; path = HapticNavigationService.swift; sourceTree = "<group>"; };
		A1000098 /* HapticNavigationServiceProtocol.swift */ = {isa = PBXFileReference; lastKnownFileType = sourcecode.swift; path = HapticNavigationServiceProtocol.swift; sourceTree = "<group>"; };
		A1000100 /* NavigationModeUITests.swift */ = {isa = PBXFileReference; lastKnownFileType = sourcecode.swift; path = NavigationModeUITests.swift; sourceTree = "<group>"; };
		A1000102 /* HapticNavigationServiceTests.swift */ = {isa = PBXFileReference; lastKnownFileType = sourcecode.swift; path = HapticNavigationServiceTests.swift; sourceTree = "<group>"; };
		A1000104 /* HapticNavigationIntegrationTests.swift */ = {isa = PBXFileReference; lastKnownFileType = sourcecode.swift; path = HapticNavigationIntegrationTests.swift; sourceTree = "<group>"; };
		A1000120 /* DesignTokens.swift */ = {isa = PBXFileReference; lastKnownFileType = sourcecode.swift; path = DesignTokens.swift; sourceTree = "<group>"; };
		A1000122 /* MapButton.swift */ = {isa = PBXFileReference; lastKnownFileType = sourcecode.swift; path = MapButton.swift; sourceTree = "<group>"; };
		A1000124 /* ComponentDocumentation.md */ = {isa = PBXFileReference; lastKnownFileType = net.daringfireball.markdown; path = ComponentDocumentation.md; sourceTree = "<group>"; };
		A1000126 /* BackgroundNavigationIntegrationTests.swift */ = {isa = PBXFileReference; lastKnownFileType = sourcecode.swift; path = BackgroundNavigationIntegrationTests.swift; sourceTree = "<group>"; };
		A1000128 /* DesignSystemComponentTests.swift */ = {isa = PBXFileReference; lastKnownFileType = sourcecode.swift; path = DesignSystemComponentTests.swift; sourceTree = "<group>"; };
		A1000130 /* DependencyContainer.swift */ = {isa = PBXFileReference; lastKnownFileType = sourcecode.swift; path = DependencyContainer.swift; sourceTree = "<group>"; };
		A1000132 /* AppCoordinator.swift */ = {isa = PBXFileReference; lastKnownFileType = sourcecode.swift; path = AppCoordinator.swift; sourceTree = "<group>"; };
		A1000134 /* AppIntegrationTests.swift */ = {isa = PBXFileReference; lastKnownFileType = sourcecode.swift; path = AppIntegrationTests.swift; sourceTree = "<group>"; };
		A1000136 /* HapticMapsLogo.png */ = {isa = PBXFileReference; lastKnownFileType = image.png; path = HapticMapsLogo.png; sourceTree = "<group>"; };
		A1000138 /* BackgroundTaskManager.swift */ = {isa = PBXFileReference; lastKnownFileType = sourcecode.swift; path = BackgroundTaskManager.swift; sourceTree = "<group>"; };
		A1000140 /* PerformanceMonitor.swift */ = {isa = PBXFileReference; lastKnownFileType = sourcecode.swift; path = PerformanceMonitor.swift; sourceTree = "<group>"; };
/* End PBXFileReference section */

/* Begin PBXFrameworksBuildPhase section */
		A1000025 /* Frameworks */ = {
			isa = PBXFrameworksBuildPhase;
			buildActionMask = 2147483647;
			files = (
			);
			runOnlyForDeploymentPostprocessing = 0;
		};
		A1000026 /* Frameworks */ = {
			isa = PBXFrameworksBuildPhase;
			buildActionMask = 2147483647;
			files = (
			);
			runOnlyForDeploymentPostprocessing = 0;
		};
/* End PBXFrameworksBuildPhase section */

/* Begin PBXGroup section */
		A1000027 = {
			isa = PBXGroup;
			children = (
				A1000028 /* HapticNavigationMaps */,
				A1000029 /* HapticNavigationMapsTests */,
				A1000030 /* Products */,
			);
			sourceTree = "<group>";
		};
		A1000028 /* HapticNavigationMaps */ = {
			isa = PBXGroup;
			children = (
				A1000002 /* HapticNavigationMapsApp.swift */,
				A1000031 /* Views */,
				A1000032 /* Services */,
				A1000033 /* Models */,
				A1000034 /* ViewModels */,
				A1000035 /* DesignSystem */,
				A1000136 /* HapticMapsLogo.png */,
				A1000023 /* Info.plist */,
			);
			path = HapticNavigationMaps;
			sourceTree = "<group>";
		};
		A1000029 /* HapticNavigationMapsTests */ = {
			isa = PBXGroup;
			children = (
				A1000018 /* LocationServiceTests.swift */,
				A1000054 /* MapViewUITests.swift */,
				A1000060 /* SearchServiceTests.swift */,
				A1000074 /* NavigationEngineTests.swift */,
				A1000080 /* RouteDisplayIntegrationTests.swift */,
				A1000086 /* NavigationInterfaceUITests.swift */,
				A1000100 /* NavigationModeUITests.swift */,
				A1000102 /* HapticNavigationServiceTests.swift */,
				A1000104 /* HapticNavigationIntegrationTests.swift */,
				A1000126 /* BackgroundNavigationIntegrationTests.swift */,
				A1000128 /* DesignSystemComponentTests.swift */,
				A1000134 /* AppIntegrationTests.swift */,
			);
			name = HapticNavigationMapsTests;
			path = ../HapticNavigationMapsTests;
			sourceTree = "<group>";
		};
		A1000030 /* Products */ = {
			isa = PBXGroup;
			children = (
				A1000022 /* HapticNavigationMaps.app */,
				A1000024 /* HapticNavigationMapsTests.xctest */,
			);
			name = Products;
			sourceTree = "<group>";
		};
		A1000031 /* Views */ = {
			isa = PBXGroup;
			children = (
				A1000004 /* ContentView.swift */,
				A1000052 /* MapView.swift */,
				A1000068 /* SearchResultsView.swift */,
				A1000090 /* HapticNavigationView.swift */,
				A1000094 /* NavigationModeSettingsView.swift */,
			);
			path = Views;
			sourceTree = "<group>";
		};
		A1000032 /* Services */ = {
			isa = PBXGroup;
			children = (
				A1000006 /* LocationServiceProtocol.swift */,
				A1000008 /* LocationService.swift */,
				A1000056 /* SearchServiceProtocol.swift */,
				A1000058 /* SearchService.swift */,
				A1000070 /* NavigationEngineProtocol.swift */,
				A1000072 /* NavigationEngine.swift */,
				A1000098 /* HapticNavigationServiceProtocol.swift */,
				A1000096 /* HapticNavigationService.swift */,
				A1000092 /* UserPreferences.swift */,
				A1000130 /* DependencyContainer.swift */,
				A1000132 /* AppCoordinator.swift */,
				A1000138 /* BackgroundTaskManager.swift */,
				A1000140 /* PerformanceMonitor.swift */,
			);
			path = Services;
			sourceTree = "<group>";
		};
		A1000033 /* Models */ = {
			isa = PBXGroup;
			children = (
				A1000010 /* NavigationState.swift */,
				A1000012 /* RouteStep.swift */,
				A1000014 /* HapticPattern.swift */,
				A1000016 /* SearchResult.swift */,
			);
			path = Models;
			sourceTree = "<group>";
		};
		A1000034 /* ViewModels */ = {
			isa = PBXGroup;
			children = (
				A1000066 /* SearchViewModel.swift */,
				A1000084 /* NavigationViewModel.swift */,
			);
			path = ViewModels;
			sourceTree = "<group>";
		};
		A1000035 /* DesignSystem */ = {
			isa = PBXGroup;
			children = (
				A1000120 /* DesignTokens.swift */,
				A1000122 /* MapButton.swift */,
				A1000062 /* SearchBar.swift */,
				A1000064 /* SearchResultRow.swift */,
				A1000076 /* RouteInfoPanel.swift */,
				A1000078 /* RouteSelectionPanel.swift */,
				A1000082 /* NavigationCard.swift */,
				A1000088 /* HapticModeToggle.swift */,
				A1000124 /* ComponentDocumentation.md */,
			);
			path = DesignSystem;
			sourceTree = "<group>";
		};
/* End PBXGroup section */

/* Begin PBXNativeTarget section */
		A1000021 /* HapticNavigationMaps */ = {
			isa = PBXNativeTarget;
			buildConfigurationList = A1000036 /* Build configuration list for PBXNativeTarget "HapticNavigationMaps" */;
			buildPhases = (
				A1000037 /* Sources */,
				A1000025 /* Frameworks */,
				A1000038 /* Resources */,
			);
			buildRules = (
			);
			dependencies = (
			);
			name = HapticNavigationMaps;
			productName = HapticNavigationMaps;
			productReference = A1000022 /* HapticNavigationMaps.app */;
			productType = "com.apple.product-type.application";
		};
		A1000039 /* HapticNavigationMapsTests */ = {
			isa = PBXNativeTarget;
			buildConfigurationList = A1000040 /* Build configuration list for PBXNativeTarget "HapticNavigationMapsTests" */;
			buildPhases = (
				A1000041 /* Sources */,
				A1000026 /* Frameworks */,
				A1000042 /* Resources */,
			);
			buildRules = (
			);
			dependencies = (
				A1000043 /* PBXTargetDependency */,
			);
			name = HapticNavigationMapsTests;
			productName = HapticNavigationMapsTests;
			productReference = A1000024 /* HapticNavigationMapsTests.xctest */;
			productType = "com.apple.product-type.bundle.unit-test";
		};
/* End PBXNativeTarget section */

/* Begin PBXProject section */
		A1000020 /* Project object */ = {
			isa = PBXProject;
			attributes = {
				BuildIndependentTargetsInParallel = 1;
				LastSwiftUpdateCheck = 1540;
				LastUpgradeCheck = 1620;
				TargetAttributes = {
					A1000021 = {
						CreatedOnToolsVersion = 15.4;
					};
					A1000039 = {
						CreatedOnToolsVersion = 15.4;
						TestTargetID = A1000021;
					};
				};
			};
			buildConfigurationList = A1000044 /* Build configuration list for PBXProject "HapticNavigationMaps" */;
			compatibilityVersion = "Xcode 14.0";
			developmentRegion = en;
			hasScannedForEncodings = 0;
			knownRegions = (
				en,
				Base,
			);
			mainGroup = A1000027;
			productRefGroup = A1000030 /* Products */;
			projectDirPath = "";
			projectRoot = "";
			targets = (
				A1000021 /* HapticNavigationMaps */,
				A1000039 /* HapticNavigationMapsTests */,
			);
		};
/* End PBXProject section */

/* Begin PBXResourcesBuildPhase section */
		A1000038 /* Resources */ = {
			isa = PBXResourcesBuildPhase;
			buildActionMask = 2147483647;
			files = (
				A1000135 /* HapticMapsLogo.png in Resources */,
			);
			runOnlyForDeploymentPostprocessing = 0;
		};
		A1000042 /* Resources */ = {
			isa = PBXResourcesBuildPhase;
			buildActionMask = 2147483647;
			files = (
			);
			runOnlyForDeploymentPostprocessing = 0;
		};
/* End PBXResourcesBuildPhase section */

/* Begin PBXSourcesBuildPhase section */
		A1000037 /* Sources */ = {
			isa = PBXSourcesBuildPhase;
			buildActionMask = 2147483647;
			files = (
				A1000003 /* ContentView.swift in Sources */,
				A1000001 /* HapticNavigationMapsApp.swift in Sources */,
				A1000005 /* LocationServiceProtocol.swift in Sources */,
				A1000007 /* LocationService.swift in Sources */,
				A1000009 /* NavigationState.swift in Sources */,
				A1000011 /* RouteStep.swift in Sources */,
				A1000013 /* HapticPattern.swift in Sources */,
				A1000015 /* SearchResult.swift in Sources */,
				A1000051 /* MapView.swift in Sources */,
				A1000055 /* SearchServiceProtocol.swift in Sources */,
				A1000057 /* SearchService.swift in Sources */,
				A1000061 /* SearchBar.swift in Sources */,
				A1000063 /* SearchResultRow.swift in Sources */,
				A1000065 /* SearchViewModel.swift in Sources */,
				A1000067 /* SearchResultsView.swift in Sources */,
				A1000069 /* NavigationEngineProtocol.swift in Sources */,
				A1000071 /* NavigationEngine.swift in Sources */,
				A1000075 /* RouteInfoPanel.swift in Sources */,
				A1000077 /* RouteSelectionPanel.swift in Sources */,
				A1000081 /* NavigationCard.swift in Sources */,
				A1000083 /* NavigationViewModel.swift in Sources */,
				A1000087 /* HapticModeToggle.swift in Sources */,
				A1000089 /* HapticNavigationView.swift in Sources */,
				A1000091 /* UserPreferences.swift in Sources */,
				A1000093 /* NavigationModeSettingsView.swift in Sources */,
				A1000095 /* HapticNavigationService.swift in Sources */,
				A1000097 /* HapticNavigationServiceProtocol.swift in Sources */,
				A1000129 /* DependencyContainer.swift in Sources */,
				A1000131 /* AppCoordinator.swift in Sources */,
				A1000137 /* BackgroundTaskManager.swift in Sources */,
				A1000139 /* PerformanceMonitor.swift in Sources */,
				A1000121 /* DesignTokens.swift in Sources */,
				A1000123 /* MapButton.swift in Sources */,
			);
			runOnlyForDeploymentPostprocessing = 0;
		};
		A1000041 /* Sources */ = {
			isa = PBXSourcesBuildPhase;
			buildActionMask = 2147483647;
			files = (
				A1000017 /* LocationServiceTests.swift in Sources */,
				A1000053 /* MapViewUITests.swift in Sources */,
				A1000059 /* SearchServiceTests.swift in Sources */,
				A1000073 /* NavigationEngineTests.swift in Sources */,
				A1000079 /* RouteDisplayIntegrationTests.swift in Sources */,
				A1000085 /* NavigationInterfaceUITests.swift in Sources */,
				A1000099 /* NavigationModeUITests.swift in Sources */,
				A1000101 /* HapticNavigationServiceTests.swift in Sources */,
				A1000103 /* HapticNavigationIntegrationTests.swift in Sources */,
				A1000125 /* BackgroundNavigationIntegrationTests.swift in Sources */,
				A1000127 /* DesignSystemComponentTests.swift in Sources */,
				A1000133 /* AppIntegrationTests.swift in Sources */,
			);
			runOnlyForDeploymentPostprocessing = 0;
		};
/* End PBXSourcesBuildPhase section */

/* Begin PBXTargetDependency section */
		A1000043 /* PBXTargetDependency */ = {
			isa = PBXTargetDependency;
			target = A1000021 /* HapticNavigationMaps */;
			targetProxy = A1000019 /* PBXContainerItemProxy */;
		};
/* End PBXTargetDependency section */

/* Begin XCBuildConfiguration section */
		A1000045 /* Debug */ = {
			isa = XCBuildConfiguration;
			buildSettings = {
				ALWAYS_SEARCH_USER_PATHS = NO;
				ASSETCATALOG_COMPILER_GENERATE_SWIFT_ASSET_SYMBOL_EXTENSIONS = YES;
				CLANG_ANALYZER_NONNULL = YES;
				CLANG_ANALYZER_NUMBER_OBJECT_CONVERSION = YES_AGGRESSIVE;
				CLANG_CXX_LANGUAGE_STANDARD = "gnu++20";
				CLANG_ENABLE_MODULES = YES;
				CLANG_ENABLE_OBJC_ARC = YES;
				CLANG_ENABLE_OBJC_WEAK = YES;
				CLANG_WARN_BLOCK_CAPTURE_AUTORELEASING = YES;
				CLANG_WARN_BOOL_CONVERSION = YES;
				CLANG_WARN_COMMA = YES;
				CLANG_WARN_CONSTANT_CONVERSION = YES;
				CLANG_WARN_DEPRECATED_OBJC_IMPLEMENTATIONS = YES;
				CLANG_WARN_DIRECT_OBJC_ISA_USAGE = YES_ERROR;
				CLANG_WARN_DOCUMENTATION_COMMENTS = YES;
				CLANG_WARN_EMPTY_BODY = YES;
				CLANG_WARN_ENUM_CONVERSION = YES;
				CLANG_WARN_INFINITE_RECURSION = YES;
				CLANG_WARN_INT_CONVERSION = YES;
				CLANG_WARN_NON_LITERAL_NULL_CONVERSION = YES;
				CLANG_WARN_OBJC_IMPLICIT_RETAIN_SELF = YES;
				CLANG_WARN_OBJC_LITERAL_CONVERSION = YES;
				CLANG_WARN_OBJC_ROOT_CLASS = YES_ERROR;
				CLANG_WARN_QUOTED_INCLUDE_IN_FRAMEWORK_HEADER = YES;
				CLANG_WARN_RANGE_LOOP_ANALYSIS = YES;
				CLANG_WARN_STRICT_PROTOTYPES = YES;
				CLANG_WARN_SUSPICIOUS_MOVE = YES;
				CLANG_WARN_UNGUARDED_AVAILABILITY = YES_AGGRESSIVE;
				CLANG_WARN_UNREACHABLE_CODE = YES;
				CLANG_WARN__DUPLICATE_METHOD_MATCH = YES;
				COPY_PHASE_STRIP = NO;
				DEBUG_INFORMATION_FORMAT = dwarf;
				ENABLE_STRICT_OBJC_MSGSEND = YES;
				ENABLE_TESTABILITY = YES;
				ENABLE_USER_SCRIPT_SANDBOXING = YES;
				GCC_C_LANGUAGE_STANDARD = gnu17;
				GCC_DYNAMIC_NO_PIC = NO;
				GCC_NO_COMMON_BLOCKS = YES;
				GCC_OPTIMIZATION_LEVEL = 0;
				GCC_PREPROCESSOR_DEFINITIONS = (
					"DEBUG=1",
					"$(inherited)",
				);
				GCC_WARN_64_TO_32_BIT_CONVERSION = YES;
				GCC_WARN_ABOUT_RETURN_TYPE = YES_ERROR;
				GCC_WARN_UNDECLARED_SELECTOR = YES;
				GCC_WARN_UNINITIALIZED_AUTOS = YES_AGGRESSIVE;
				GCC_WARN_UNUSED_FUNCTION = YES;
				GCC_WARN_UNUSED_VARIABLE = YES;
				IPHONEOS_DEPLOYMENT_TARGET = 17.5;
				LOCALIZATION_PREFERS_STRING_CATALOGS = YES;
				MTL_ENABLE_DEBUG_INFO = INCLUDE_SOURCE;
				MTL_FAST_MATH = YES;
				ONLY_ACTIVE_ARCH = YES;
				SDKROOT = iphoneos;
				SWIFT_ACTIVE_COMPILATION_CONDITIONS = "DEBUG $(inherited)";
				SWIFT_OPTIMIZATION_LEVEL = "-Onone";
			};
			name = Debug;
		};
		A1000046 /* Release */ = {
			isa = XCBuildConfiguration;
			buildSettings = {
				ALWAYS_SEARCH_USER_PATHS = NO;
				ASSETCATALOG_COMPILER_GENERATE_SWIFT_ASSET_SYMBOL_EXTENSIONS = YES;
				CLANG_ANALYZER_NONNULL = YES;
				CLANG_ANALYZER_NUMBER_OBJECT_CONVERSION = YES_AGGRESSIVE;
				CLANG_CXX_LANGUAGE_STANDARD = "gnu++20";
				CLANG_ENABLE_MODULES = YES;
				CLANG_ENABLE_OBJC_ARC = YES;
				CLANG_ENABLE_OBJC_WEAK = YES;
				CLANG_WARN_BLOCK_CAPTURE_AUTORELEASING = YES;
				CLANG_WARN_BOOL_CONVERSION = YES;
				CLANG_WARN_COMMA = YES;
				CLANG_WARN_CONSTANT_CONVERSION = YES;
				CLANG_WARN_DEPRECATED_OBJC_IMPLEMENTATIONS = YES;
				CLANG_WARN_DIRECT_OBJC_ISA_USAGE = YES_ERROR;
				CLANG_WARN_DOCUMENTATION_COMMENTS = YES;
				CLANG_WARN_EMPTY_BODY = YES;
				CLANG_WARN_ENUM_CONVERSION = YES;
				CLANG_WARN_INFINITE_RECURSION = YES;
				CLANG_WARN_INT_CONVERSION = YES;
				CLANG_WARN_NON_LITERAL_NULL_CONVERSION = YES;
				CLANG_WARN_OBJC_IMPLICIT_RETAIN_SELF = YES;
				CLANG_WARN_OBJC_LITERAL_CONVERSION = YES;
				CLANG_WARN_OBJC_ROOT_CLASS = YES_ERROR;
				CLANG_WARN_QUOTED_INCLUDE_IN_FRAMEWORK_HEADER = YES;
				CLANG_WARN_RANGE_LOOP_ANALYSIS = YES;
				CLANG_WARN_STRICT_PROTOTYPES = YES;
				CLANG_WARN_SUSPICIOUS_MOVE = YES;
				CLANG_WARN_UNGUARDED_AVAILABILITY = YES_AGGRESSIVE;
				CLANG_WARN_UNREACHABLE_CODE = YES;
				CLANG_WARN__DUPLICATE_METHOD_MATCH = YES;
				COPY_PHASE_STRIP = NO;
				DEBUG_INFORMATION_FORMAT = "dwarf-with-dsym";
				ENABLE_NS_ASSERTIONS = NO;
				ENABLE_STRICT_OBJC_MSGSEND = YES;
				ENABLE_USER_SCRIPT_SANDBOXING = YES;
				GCC_C_LANGUAGE_STANDARD = gnu17;
				GCC_NO_COMMON_BLOCKS = YES;
				GCC_WARN_64_TO_32_BIT_CONVERSION = YES;
				GCC_WARN_ABOUT_RETURN_TYPE = YES_ERROR;
				GCC_WARN_UNDECLARED_SELECTOR = YES;
				GCC_WARN_UNINITIALIZED_AUTOS = YES_AGGRESSIVE;
				GCC_WARN_UNUSED_FUNCTION = YES;
				GCC_WARN_UNUSED_VARIABLE = YES;
				IPHONEOS_DEPLOYMENT_TARGET = 17.5;
				LOCALIZATION_PREFERS_STRING_CATALOGS = YES;
				MTL_ENABLE_DEBUG_INFO = NO;
				MTL_FAST_MATH = YES;
				SDKROOT = iphoneos;
				SWIFT_COMPILATION_MODE = wholemodule;
				VALIDATE_PRODUCT = YES;
			};
			name = Release;
		};
		A1000047 /* Debug */ = {
			isa = XCBuildConfiguration;
			buildSettings = {
				ASSETCATALOG_COMPILER_APPICON_NAME = AppIcon;
				ASSETCATALOG_COMPILER_GLOBAL_ACCENT_COLOR_NAME = AccentColor;
				CODE_SIGN_STYLE = Automatic;
				CURRENT_PROJECT_VERSION = 1;
				DEVELOPMENT_TEAM = CJ4UUD37KK;
				ENABLE_PREVIEWS = YES;
				GENERATE_INFOPLIST_FILE = NO;
				INFOPLIST_FILE = HapticNavigationMaps/Info.plist;
				INFOPLIST_KEY_UIApplicationSceneManifest_Generation = YES;
				INFOPLIST_KEY_UIApplicationSupportsIndirectInputEvents = YES;
				INFOPLIST_KEY_UILaunchScreen_Generation = YES;
				INFOPLIST_KEY_UISupportedInterfaceOrientations_iPad = "UIInterfaceOrientationPortrait UIInterfaceOrientationPortraitUpsideDown UIInterfaceOrientationLandscapeLeft UIInterfaceOrientationLandscapeRight";
				INFOPLIST_KEY_UISupportedInterfaceOrientations_iPhone = "UIInterfaceOrientationPortrait UIInterfaceOrientationLandscapeLeft UIInterfaceOrientationLandscapeRight";
				LD_RUNPATH_SEARCH_PATHS = (
					"$(inherited)",
					"@executable_path/Frameworks",
				);
				MARKETING_VERSION = 1.0;
				PRODUCT_BUNDLE_IDENTIFIER = "-----com.BenLittle.HapticNavigationMaps";
				PRODUCT_NAME = "$(TARGET_NAME)";
				SWIFT_EMIT_LOC_STRINGS = YES;
				SWIFT_VERSION = 5.0;
				TARGETED_DEVICE_FAMILY = "1,2";
			};
			name = Debug;
		};
		A1000048 /* Release */ = {
			isa = XCBuildConfiguration;
			buildSettings = {
				ASSETCATALOG_COMPILER_APPICON_NAME = AppIcon;
				ASSETCATALOG_COMPILER_GLOBAL_ACCENT_COLOR_NAME = AccentColor;
				CODE_SIGN_STYLE = Automatic;
				CURRENT_PROJECT_VERSION = 1;
				DEVELOPMENT_TEAM = CJ4UUD37KK;
				ENABLE_PREVIEWS = YES;
				GENERATE_INFOPLIST_FILE = NO;
				INFOPLIST_FILE = HapticNavigationMaps/Info.plist;
				INFOPLIST_KEY_UIApplicationSceneManifest_Generation = YES;
				INFOPLIST_KEY_UIApplicationSupportsIndirectInputEvents = YES;
				INFOPLIST_KEY_UILaunchScreen_Generation = YES;
				INFOPLIST_KEY_UISupportedInterfaceOrientations_iPad = "UIInterfaceOrientationPortrait UIInterfaceOrientationPortraitUpsideDown UIInterfaceOrientationLandscapeLeft UIInterfaceOrientationLandscapeRight";
				INFOPLIST_KEY_UISupportedInterfaceOrientations_iPhone = "UIInterfaceOrientationPortrait UIInterfaceOrientationLandscapeLeft UIInterfaceOrientationLandscapeRight";
				LD_RUNPATH_SEARCH_PATHS = (
					"$(inherited)",
					"@executable_path/Frameworks",
				);
				MARKETING_VERSION = 1.0;
				PRODUCT_BUNDLE_IDENTIFIER = "-----com.BenLittle.HapticNavigationMaps";
				PRODUCT_NAME = "$(TARGET_NAME)";
				SWIFT_EMIT_LOC_STRINGS = YES;
				SWIFT_VERSION = 5.0;
				TARGETED_DEVICE_FAMILY = "1,2";
			};
			name = Release;
		};
		A1000049 /* Debug */ = {
			isa = XCBuildConfiguration;
			buildSettings = {
				BUNDLE_LOADER = "$(TEST_HOST)";
				CODE_SIGN_STYLE = Automatic;
				CURRENT_PROJECT_VERSION = 1;
				DEVELOPMENT_TEAM = "";
				GENERATE_INFOPLIST_FILE = YES;
				IPHONEOS_DEPLOYMENT_TARGET = 17.5;
				MARKETING_VERSION = 1.0;
				PRODUCT_BUNDLE_IDENTIFIER = com.example.HapticNavigationMapsTests;
				PRODUCT_NAME = "$(TARGET_NAME)";
				SWIFT_EMIT_LOC_STRINGS = NO;
				SWIFT_VERSION = 5.0;
				TARGETED_DEVICE_FAMILY = "1,2";
				TEST_HOST = "$(BUILT_PRODUCTS_DIR)/HapticNavigationMaps.app/$(BUNDLE_EXECUTABLE_FOLDER_PATH)/HapticNavigationMaps";
			};
			name = Debug;
		};
		A1000050 /* Release */ = {
			isa = XCBuildConfiguration;
			buildSettings = {
				BUNDLE_LOADER = "$(TEST_HOST)";
				CODE_SIGN_STYLE = Automatic;
				CURRENT_PROJECT_VERSION = 1;
				DEVELOPMENT_TEAM = "";
				GENERATE_INFOPLIST_FILE = YES;
				IPHONEOS_DEPLOYMENT_TARGET = 17.5;
				MARKETING_VERSION = 1.0;
				PRODUCT_BUNDLE_IDENTIFIER = com.example.HapticNavigationMapsTests;
				PRODUCT_NAME = "$(TARGET_NAME)";
				SWIFT_EMIT_LOC_STRINGS = NO;
				SWIFT_VERSION = 5.0;
				TARGETED_DEVICE_FAMILY = "1,2";
				TEST_HOST = "$(BUILT_PRODUCTS_DIR)/HapticNavigationMaps.app/$(BUNDLE_EXECUTABLE_FOLDER_PATH)/HapticNavigationMaps";
			};
			name = Release;
		};
/* End XCBuildConfiguration section */

/* Begin XCConfigurationList section */
		A1000036 /* Build configuration list for PBXNativeTarget "HapticNavigationMaps" */ = {
			isa = XCConfigurationList;
			buildConfigurations = (
				A1000047 /* Debug */,
				A1000048 /* Release */,
			);
			defaultConfigurationIsVisible = 0;
			defaultConfigurationName = Release;
		};
		A1000040 /* Build configuration list for PBXNativeTarget "HapticNavigationMapsTests" */ = {
			isa = XCConfigurationList;
			buildConfigurations = (
				A1000049 /* Debug */,
				A1000050 /* Release */,
			);
			defaultConfigurationIsVisible = 0;
			defaultConfigurationName = Release;
		};
		A1000044 /* Build configuration list for PBXProject "HapticNavigationMaps" */ = {
			isa = XCConfigurationList;
			buildConfigurations = (
				A1000045 /* Debug */,
				A1000046 /* Release */,
			);
			defaultConfigurationIsVisible = 0;
			defaultConfigurationName = Release;
		};
/* End XCConfigurationList section */
	};
	rootObject = A1000020 /* Project object */;
}
